{
  "version": 4,
  "terraform_version": "1.9.6",
  "serial": 27,
  "lineage": "d633844a-9787-4ad3-d76c-ca5ed8c74b00",
  "outputs": {
    "lb_url": {
      "value": "http://52.230.29.81/",
      "type": "string"
    }
  },
  "resources": [
    {
      "mode": "managed",
      "type": "azurerm_availability_set",
      "name": "main",
      "provider": "provider[\"registry.terraform.io/hashicorp/azurerm\"]",
      "instances": [
        {
          "schema_version": 0,
          "attributes": {
            "id": "/subscriptions/64a9a252-e2ca-4cc3-af56-31bf09b86699/resourceGroups/huongttt13-resources/providers/Microsoft.Compute/availabilitySets/huongttt13-availability-set",
            "location": "southeastasia",
            "managed": true,
            "name": "huongttt13-availability-set",
            "platform_fault_domain_count": 2,
            "platform_update_domain_count": 5,
            "proximity_placement_group_id": null,
            "resource_group_name": "huongttt13-resources",
            "tags": {
              "Environment": "dev",
              "Owner": "HuongTTT13"
            },
            "timeouts": null
          },
          "sensitive_attributes": [],
          "private": "eyJlMmJmYjczMC1lY2FhLTExZTYtOGY4OC0zNDM2M2JjN2M0YzAiOnsiY3JlYXRlIjoxODAwMDAwMDAwMDAwLCJkZWxldGUiOjE4MDAwMDAwMDAwMDAsInJlYWQiOjMwMDAwMDAwMDAwMCwidXBkYXRlIjoxODAwMDAwMDAwMDAwfX0=",
          "dependencies": [
            "azurerm_resource_group.main"
          ]
        }
      ]
    },
    {
      "mode": "managed",
      "type": "azurerm_lb",
      "name": "main",
      "provider": "provider[\"registry.terraform.io/hashicorp/azurerm\"]",
      "instances": [
        {
          "schema_version": 0,
          "attributes": {
            "edge_zone": "",
            "frontend_ip_configuration": [
              {
                "gateway_load_balancer_frontend_ip_configuration_id": "",
                "id": "/subscriptions/64a9a252-e2ca-4cc3-af56-31bf09b86699/resourceGroups/huongttt13-resources/providers/Microsoft.Network/loadBalancers/huongttt13-lb/frontendIPConfigurations/primary",
                "inbound_nat_rules": [],
                "load_balancer_rules": [],
                "name": "primary",
                "outbound_rules": [],
                "private_ip_address": "",
                "private_ip_address_allocation": "Dynamic",
                "private_ip_address_version": "",
                "public_ip_address_id": "/subscriptions/64a9a252-e2ca-4cc3-af56-31bf09b86699/resourceGroups/huongttt13-resources/providers/Microsoft.Network/publicIPAddresses/huongttt13-pip",
                "public_ip_prefix_id": "",
                "subnet_id": "",
                "zones": null
              }
            ],
            "id": "/subscriptions/64a9a252-e2ca-4cc3-af56-31bf09b86699/resourceGroups/huongttt13-resources/providers/Microsoft.Network/loadBalancers/huongttt13-lb",
            "location": "southeastasia",
            "name": "huongttt13-lb",
            "private_ip_address": "",
            "private_ip_addresses": [],
            "resource_group_name": "huongttt13-resources",
            "sku": "Standard",
            "sku_tier": "Regional",
            "tags": {
              "Environment": "dev",
              "Owner": "HuongTTT13"
            },
            "timeouts": null
          },
          "sensitive_attributes": [],
          "private": "eyJlMmJmYjczMC1lY2FhLTExZTYtOGY4OC0zNDM2M2JjN2M0YzAiOnsiY3JlYXRlIjoxODAwMDAwMDAwMDAwLCJkZWxldGUiOjE4MDAwMDAwMDAwMDAsInJlYWQiOjMwMDAwMDAwMDAwMCwidXBkYXRlIjoxODAwMDAwMDAwMDAwfX0=",
          "dependencies": [
            "azurerm_public_ip.main",
            "azurerm_resource_group.main"
          ]
        }
      ]
    },
    {
      "mode": "managed",
      "type": "azurerm_lb_backend_address_pool",
      "name": "main",
      "provider": "provider[\"registry.terraform.io/hashicorp/azurerm\"]",
      "instances": [
        {
          "schema_version": 0,
          "attributes": {
            "backend_ip_configurations": [],
            "id": "/subscriptions/64a9a252-e2ca-4cc3-af56-31bf09b86699/resourceGroups/huongttt13-resources/providers/Microsoft.Network/loadBalancers/huongttt13-lb/backendAddressPools/acctestpool",
            "inbound_nat_rules": [],
            "load_balancing_rules": [],
            "loadbalancer_id": "/subscriptions/64a9a252-e2ca-4cc3-af56-31bf09b86699/resourceGroups/huongttt13-resources/providers/Microsoft.Network/loadBalancers/huongttt13-lb",
            "name": "acctestpool",
            "outbound_rules": [],
            "synchronous_mode": "",
            "timeouts": null,
            "tunnel_interface": [],
            "virtual_network_id": ""
          },
          "sensitive_attributes": [],
          "private": "eyJlMmJmYjczMC1lY2FhLTExZTYtOGY4OC0zNDM2M2JjN2M0YzAiOnsiY3JlYXRlIjoxODAwMDAwMDAwMDAwLCJkZWxldGUiOjE4MDAwMDAwMDAwMDAsInJlYWQiOjMwMDAwMDAwMDAwMCwidXBkYXRlIjoxODAwMDAwMDAwMDAwfX0=",
          "dependencies": [
            "azurerm_lb.main",
            "azurerm_public_ip.main",
            "azurerm_resource_group.main"
          ]
        }
      ]
    },
    {
      "mode": "managed",
      "type": "azurerm_lb_probe",
      "name": "main",
      "provider": "provider[\"registry.terraform.io/hashicorp/azurerm\"]",
      "instances": [
        {
          "schema_version": 0,
          "attributes": {
            "id": "/subscriptions/64a9a252-e2ca-4cc3-af56-31bf09b86699/resourceGroups/huongttt13-resources/providers/Microsoft.Network/loadBalancers/huongttt13-lb/probes/huongttt13-probe",
            "interval_in_seconds": 5,
            "load_balancer_rules": [],
            "loadbalancer_id": "/subscriptions/64a9a252-e2ca-4cc3-af56-31bf09b86699/resourceGroups/huongttt13-resources/providers/Microsoft.Network/loadBalancers/huongttt13-lb",
            "name": "huongttt13-probe",
            "number_of_probes": 2,
            "port": 80,
            "probe_threshold": 1,
            "protocol": "Tcp",
            "request_path": "",
            "timeouts": null
          },
          "sensitive_attributes": [],
          "private": "eyJlMmJmYjczMC1lY2FhLTExZTYtOGY4OC0zNDM2M2JjN2M0YzAiOnsiY3JlYXRlIjoxODAwMDAwMDAwMDAwLCJkZWxldGUiOjE4MDAwMDAwMDAwMDAsInJlYWQiOjMwMDAwMDAwMDAwMCwidXBkYXRlIjoxODAwMDAwMDAwMDAwfX0=",
          "dependencies": [
            "azurerm_lb.main",
            "azurerm_public_ip.main",
            "azurerm_resource_group.main"
          ]
        }
      ]
    },
    {
      "mode": "managed",
      "type": "azurerm_lb_rule",
      "name": "main",
      "provider": "provider[\"registry.terraform.io/hashicorp/azurerm\"]",
      "instances": [
        {
          "schema_version": 0,
          "attributes": {
            "backend_address_pool_ids": [
              "/subscriptions/64a9a252-e2ca-4cc3-af56-31bf09b86699/resourceGroups/huongttt13-resources/providers/Microsoft.Network/loadBalancers/huongttt13-lb/backendAddressPools/acctestpool"
            ],
            "backend_port": 80,
            "disable_outbound_snat": false,
            "enable_floating_ip": false,
            "enable_tcp_reset": false,
            "frontend_ip_configuration_id": "/subscriptions/64a9a252-e2ca-4cc3-af56-31bf09b86699/resourceGroups/huongttt13-resources/providers/Microsoft.Network/loadBalancers/huongttt13-lb/frontendIPConfigurations/primary",
            "frontend_ip_configuration_name": "primary",
            "frontend_port": 80,
            "id": "/subscriptions/64a9a252-e2ca-4cc3-af56-31bf09b86699/resourceGroups/huongttt13-resources/providers/Microsoft.Network/loadBalancers/huongttt13-lb/loadBalancingRules/huongttt13-LBRule",
            "idle_timeout_in_minutes": 4,
            "load_distribution": "Default",
            "loadbalancer_id": "/subscriptions/64a9a252-e2ca-4cc3-af56-31bf09b86699/resourceGroups/huongttt13-resources/providers/Microsoft.Network/loadBalancers/huongttt13-lb",
            "name": "huongttt13-LBRule",
            "probe_id": "/subscriptions/64a9a252-e2ca-4cc3-af56-31bf09b86699/resourceGroups/huongttt13-resources/providers/Microsoft.Network/loadBalancers/huongttt13-lb/probes/huongttt13-probe",
            "protocol": "Tcp",
            "timeouts": null
          },
          "sensitive_attributes": [],
          "private": "eyJlMmJmYjczMC1lY2FhLTExZTYtOGY4OC0zNDM2M2JjN2M0YzAiOnsiY3JlYXRlIjoxODAwMDAwMDAwMDAwLCJkZWxldGUiOjE4MDAwMDAwMDAwMDAsInJlYWQiOjMwMDAwMDAwMDAwMCwidXBkYXRlIjoxODAwMDAwMDAwMDAwfX0=",
          "dependencies": [
            "azurerm_lb.main",
            "azurerm_lb_backend_address_pool.main",
            "azurerm_lb_probe.main",
            "azurerm_public_ip.main",
            "azurerm_resource_group.main"
          ]
        }
      ]
    },
    {
      "mode": "managed",
      "type": "azurerm_linux_virtual_machine",
      "name": "main",
      "provider": "provider[\"registry.terraform.io/hashicorp/azurerm\"]",
      "instances": [
        {
          "index_key": 0,
          "schema_version": 0,
          "attributes": {
            "additional_capabilities": [],
            "admin_password": "Lang1314",
            "admin_ssh_key": [],
            "admin_username": "huong",
            "allow_extension_operations": true,
            "availability_set_id": "/subscriptions/64a9a252-e2ca-4cc3-af56-31bf09b86699/resourceGroups/huongttt13-resources/providers/Microsoft.Compute/availabilitySets/HUONGTTT13-AVAILABILITY-SET",
            "boot_diagnostics": [],
            "bypass_platform_safety_checks_on_user_schedule_enabled": false,
            "capacity_reservation_group_id": "",
            "computer_name": "huongttt13-vm0",
            "custom_data": null,
            "dedicated_host_group_id": "",
            "dedicated_host_id": "",
            "disable_password_authentication": false,
            "disk_controller_type": "",
            "edge_zone": "",
            "encryption_at_host_enabled": false,
            "eviction_policy": "",
            "extensions_time_budget": "PT1H30M",
            "gallery_application": [],
            "id": "/subscriptions/64a9a252-e2ca-4cc3-af56-31bf09b86699/resourceGroups/huongttt13-resources/providers/Microsoft.Compute/virtualMachines/huongttt13-vm0",
            "identity": [],
            "license_type": "",
            "location": "southeastasia",
            "max_bid_price": -1,
            "name": "huongttt13-vm0",
            "network_interface_ids": [
              "/subscriptions/64a9a252-e2ca-4cc3-af56-31bf09b86699/resourceGroups/huongttt13-resources/providers/Microsoft.Network/networkInterfaces/huongttt13-nic0"
            ],
            "os_disk": [
              {
                "caching": "ReadWrite",
                "diff_disk_settings": [],
                "disk_encryption_set_id": "",
                "disk_size_gb": 30,
                "name": "huongttt13-vm0_disk1_a75354b5ddce414b835aa282acffaee5",
                "secure_vm_disk_encryption_set_id": "",
                "security_encryption_type": "",
                "storage_account_type": "Standard_LRS",
                "write_accelerator_enabled": false
              }
            ],
            "os_image_notification": [],
            "patch_assessment_mode": "ImageDefault",
            "patch_mode": "ImageDefault",
            "plan": [],
            "platform_fault_domain": -1,
            "priority": "Regular",
            "private_ip_address": "10.0.2.4",
            "private_ip_addresses": [
              "10.0.2.4"
            ],
            "provision_vm_agent": true,
            "proximity_placement_group_id": "",
            "public_ip_address": "",
            "public_ip_addresses": [],
            "reboot_setting": "",
            "resource_group_name": "huongttt13-resources",
            "secret": [],
            "secure_boot_enabled": false,
            "size": "Standard_D2s_v3",
            "source_image_id": "/subscriptions/64a9a252-e2ca-4cc3-af56-31bf09b86699/resourceGroups/HuongTTT13-Image-rg/providers/Microsoft.Compute/images/HuongTTT13Image",
            "source_image_reference": [],
            "tags": {
              "Environment": "dev",
              "Owner": "HuongTTT13"
            },
            "termination_notification": null,
            "timeouts": null,
            "user_data": "",
            "virtual_machine_id": "053e53b6-e2ac-458b-8b42-4945a8f8efd8",
            "virtual_machine_scale_set_id": "",
            "vm_agent_platform_updates_enabled": false,
            "vtpm_enabled": false,
            "zone": ""
          },
          "sensitive_attributes": [
            [
              {
                "type": "get_attr",
                "value": "admin_password"
              }
            ],
            [
              {
                "type": "get_attr",
                "value": "custom_data"
              }
            ]
          ],
          "private": "eyJlMmJmYjczMC1lY2FhLTExZTYtOGY4OC0zNDM2M2JjN2M0YzAiOnsiY3JlYXRlIjoyNzAwMDAwMDAwMDAwLCJkZWxldGUiOjI3MDAwMDAwMDAwMDAsInJlYWQiOjMwMDAwMDAwMDAwMCwidXBkYXRlIjoyNzAwMDAwMDAwMDAwfX0=",
          "dependencies": [
            "azurerm_availability_set.main",
            "azurerm_network_interface.main",
            "azurerm_resource_group.main",
            "azurerm_subnet.main",
            "azurerm_virtual_network.main"
          ]
        },
        {
          "index_key": 1,
          "schema_version": 0,
          "attributes": {
            "additional_capabilities": [],
            "admin_password": "Lang1314",
            "admin_ssh_key": [],
            "admin_username": "huong",
            "allow_extension_operations": true,
            "availability_set_id": "/subscriptions/64a9a252-e2ca-4cc3-af56-31bf09b86699/resourceGroups/huongttt13-resources/providers/Microsoft.Compute/availabilitySets/HUONGTTT13-AVAILABILITY-SET",
            "boot_diagnostics": [],
            "bypass_platform_safety_checks_on_user_schedule_enabled": false,
            "capacity_reservation_group_id": "",
            "computer_name": "huongttt13-vm1",
            "custom_data": null,
            "dedicated_host_group_id": "",
            "dedicated_host_id": "",
            "disable_password_authentication": false,
            "disk_controller_type": "",
            "edge_zone": "",
            "encryption_at_host_enabled": false,
            "eviction_policy": "",
            "extensions_time_budget": "PT1H30M",
            "gallery_application": [],
            "id": "/subscriptions/64a9a252-e2ca-4cc3-af56-31bf09b86699/resourceGroups/huongttt13-resources/providers/Microsoft.Compute/virtualMachines/huongttt13-vm1",
            "identity": [],
            "license_type": "",
            "location": "southeastasia",
            "max_bid_price": -1,
            "name": "huongttt13-vm1",
            "network_interface_ids": [
              "/subscriptions/64a9a252-e2ca-4cc3-af56-31bf09b86699/resourceGroups/huongttt13-resources/providers/Microsoft.Network/networkInterfaces/huongttt13-nic1"
            ],
            "os_disk": [
              {
                "caching": "ReadWrite",
                "diff_disk_settings": [],
                "disk_encryption_set_id": "",
                "disk_size_gb": 30,
                "name": "huongttt13-vm1_disk1_0fddee39761944b38f9f5a985c87a78d",
                "secure_vm_disk_encryption_set_id": "",
                "security_encryption_type": "",
                "storage_account_type": "Standard_LRS",
                "write_accelerator_enabled": false
              }
            ],
            "os_image_notification": [],
            "patch_assessment_mode": "ImageDefault",
            "patch_mode": "ImageDefault",
            "plan": [],
            "platform_fault_domain": -1,
            "priority": "Regular",
            "private_ip_address": "10.0.2.5",
            "private_ip_addresses": [
              "10.0.2.5"
            ],
            "provision_vm_agent": true,
            "proximity_placement_group_id": "",
            "public_ip_address": "",
            "public_ip_addresses": [],
            "reboot_setting": "",
            "resource_group_name": "huongttt13-resources",
            "secret": [],
            "secure_boot_enabled": false,
            "size": "Standard_D2s_v3",
            "source_image_id": "/subscriptions/64a9a252-e2ca-4cc3-af56-31bf09b86699/resourceGroups/HuongTTT13-Image-rg/providers/Microsoft.Compute/images/HuongTTT13Image",
            "source_image_reference": [],
            "tags": {
              "Environment": "dev",
              "Owner": "HuongTTT13"
            },
            "termination_notification": null,
            "timeouts": null,
            "user_data": "",
            "virtual_machine_id": "320d062e-bb2b-4d34-968d-1247f5739e89",
            "virtual_machine_scale_set_id": "",
            "vm_agent_platform_updates_enabled": false,
            "vtpm_enabled": false,
            "zone": ""
          },
          "sensitive_attributes": [
            [
              {
                "type": "get_attr",
                "value": "custom_data"
              }
            ],
            [
              {
                "type": "get_attr",
                "value": "admin_password"
              }
            ]
          ],
          "private": "eyJlMmJmYjczMC1lY2FhLTExZTYtOGY4OC0zNDM2M2JjN2M0YzAiOnsiY3JlYXRlIjoyNzAwMDAwMDAwMDAwLCJkZWxldGUiOjI3MDAwMDAwMDAwMDAsInJlYWQiOjMwMDAwMDAwMDAwMCwidXBkYXRlIjoyNzAwMDAwMDAwMDAwfX0=",
          "dependencies": [
            "azurerm_availability_set.main",
            "azurerm_network_interface.main",
            "azurerm_resource_group.main",
            "azurerm_subnet.main",
            "azurerm_virtual_network.main"
          ]
        }
      ]
    },
    {
      "mode": "managed",
      "type": "azurerm_managed_disk",
      "name": "main",
      "provider": "provider[\"registry.terraform.io/hashicorp/azurerm\"]",
      "instances": [
        {
          "index_key": 0,
          "schema_version": 1,
          "attributes": {
            "create_option": "Empty",
            "disk_access_id": "",
            "disk_encryption_set_id": "",
            "disk_iops_read_only": 0,
            "disk_iops_read_write": 500,
            "disk_mbps_read_only": 0,
            "disk_mbps_read_write": 60,
            "disk_size_gb": 1,
            "edge_zone": "",
            "encryption_settings": [],
            "gallery_image_reference_id": "",
            "hyper_v_generation": "",
            "id": "/subscriptions/64a9a252-e2ca-4cc3-af56-31bf09b86699/resourceGroups/huongttt13-resources/providers/Microsoft.Compute/disks/huongttt13-managed_disk-0",
            "image_reference_id": "",
            "location": "southeastasia",
            "logical_sector_size": null,
            "max_shares": 0,
            "name": "huongttt13-managed_disk-0",
            "network_access_policy": null,
            "on_demand_bursting_enabled": false,
            "optimized_frequent_attach_enabled": false,
            "os_type": "",
            "performance_plus_enabled": false,
            "public_network_access_enabled": true,
            "resource_group_name": "huongttt13-resources",
            "secure_vm_disk_encryption_set_id": "",
            "security_type": "",
            "source_resource_id": "",
            "source_uri": "",
            "storage_account_id": "",
            "storage_account_type": "Standard_LRS",
            "tags": {
              "Environment": "dev",
              "Owner": "HuongTTT13"
            },
            "tier": "",
            "timeouts": null,
            "trusted_launch_enabled": false,
            "upload_size_bytes": 0,
            "zone": ""
          },
          "sensitive_attributes": [],
          "private": "eyJlMmJmYjczMC1lY2FhLTExZTYtOGY4OC0zNDM2M2JjN2M0YzAiOnsiY3JlYXRlIjoxODAwMDAwMDAwMDAwLCJkZWxldGUiOjE4MDAwMDAwMDAwMDAsInJlYWQiOjMwMDAwMDAwMDAwMCwidXBkYXRlIjoxODAwMDAwMDAwMDAwfSwic2NoZW1hX3ZlcnNpb24iOiIxIn0=",
          "dependencies": [
            "azurerm_resource_group.main"
          ]
        },
        {
          "index_key": 1,
          "schema_version": 1,
          "attributes": {
            "create_option": "Empty",
            "disk_access_id": "",
            "disk_encryption_set_id": "",
            "disk_iops_read_only": 0,
            "disk_iops_read_write": 500,
            "disk_mbps_read_only": 0,
            "disk_mbps_read_write": 60,
            "disk_size_gb": 1,
            "edge_zone": "",
            "encryption_settings": [],
            "gallery_image_reference_id": "",
            "hyper_v_generation": "",
            "id": "/subscriptions/64a9a252-e2ca-4cc3-af56-31bf09b86699/resourceGroups/huongttt13-resources/providers/Microsoft.Compute/disks/huongttt13-managed_disk-1",
            "image_reference_id": "",
            "location": "southeastasia",
            "logical_sector_size": null,
            "max_shares": 0,
            "name": "huongttt13-managed_disk-1",
            "network_access_policy": null,
            "on_demand_bursting_enabled": false,
            "optimized_frequent_attach_enabled": false,
            "os_type": "",
            "performance_plus_enabled": false,
            "public_network_access_enabled": true,
            "resource_group_name": "huongttt13-resources",
            "secure_vm_disk_encryption_set_id": "",
            "security_type": "",
            "source_resource_id": "",
            "source_uri": "",
            "storage_account_id": "",
            "storage_account_type": "Standard_LRS",
            "tags": {
              "Environment": "dev",
              "Owner": "HuongTTT13"
            },
            "tier": "",
            "timeouts": null,
            "trusted_launch_enabled": false,
            "upload_size_bytes": 0,
            "zone": ""
          },
          "sensitive_attributes": [],
          "private": "eyJlMmJmYjczMC1lY2FhLTExZTYtOGY4OC0zNDM2M2JjN2M0YzAiOnsiY3JlYXRlIjoxODAwMDAwMDAwMDAwLCJkZWxldGUiOjE4MDAwMDAwMDAwMDAsInJlYWQiOjMwMDAwMDAwMDAwMCwidXBkYXRlIjoxODAwMDAwMDAwMDAwfSwic2NoZW1hX3ZlcnNpb24iOiIxIn0=",
          "dependencies": [
            "azurerm_resource_group.main"
          ]
        }
      ]
    },
    {
      "mode": "managed",
      "type": "azurerm_network_interface",
      "name": "main",
      "provider": "provider[\"registry.terraform.io/hashicorp/azurerm\"]",
      "instances": [
        {
          "index_key": 0,
          "schema_version": 0,
          "attributes": {
            "accelerated_networking_enabled": false,
            "applied_dns_servers": [],
            "auxiliary_mode": "",
            "auxiliary_sku": "",
            "dns_servers": null,
            "edge_zone": "",
            "id": "/subscriptions/64a9a252-e2ca-4cc3-af56-31bf09b86699/resourceGroups/huongttt13-resources/providers/Microsoft.Network/networkInterfaces/huongttt13-nic0",
            "internal_dns_name_label": "",
            "internal_domain_name_suffix": "lrndlz4fju4udfsbanfe1rxnea.ix.internal.cloudapp.net",
            "ip_configuration": [
              {
                "gateway_load_balancer_frontend_ip_configuration_id": "",
                "name": "internal",
                "primary": true,
                "private_ip_address": "10.0.2.4",
                "private_ip_address_allocation": "Dynamic",
                "private_ip_address_version": "IPv4",
                "public_ip_address_id": "",
                "subnet_id": "/subscriptions/64a9a252-e2ca-4cc3-af56-31bf09b86699/resourceGroups/huongttt13-resources/providers/Microsoft.Network/virtualNetworks/huongttt13-vnet/subnets/huongttt13-subnet"
              }
            ],
            "ip_forwarding_enabled": false,
            "location": "southeastasia",
            "mac_address": "",
            "name": "huongttt13-nic0",
            "private_ip_address": "10.0.2.4",
            "private_ip_addresses": [
              "10.0.2.4"
            ],
            "resource_group_name": "huongttt13-resources",
            "tags": {
              "Environment": "dev",
              "Owner": "HuongTTT13"
            },
            "timeouts": null,
            "virtual_machine_id": ""
          },
          "sensitive_attributes": [],
          "private": "eyJlMmJmYjczMC1lY2FhLTExZTYtOGY4OC0zNDM2M2JjN2M0YzAiOnsiY3JlYXRlIjoxODAwMDAwMDAwMDAwLCJkZWxldGUiOjE4MDAwMDAwMDAwMDAsInJlYWQiOjMwMDAwMDAwMDAwMCwidXBkYXRlIjoxODAwMDAwMDAwMDAwfX0=",
          "dependencies": [
            "azurerm_resource_group.main",
            "azurerm_subnet.main",
            "azurerm_virtual_network.main"
          ]
        },
        {
          "index_key": 1,
          "schema_version": 0,
          "attributes": {
            "accelerated_networking_enabled": false,
            "applied_dns_servers": [],
            "auxiliary_mode": "",
            "auxiliary_sku": "",
            "dns_servers": null,
            "edge_zone": "",
            "id": "/subscriptions/64a9a252-e2ca-4cc3-af56-31bf09b86699/resourceGroups/huongttt13-resources/providers/Microsoft.Network/networkInterfaces/huongttt13-nic1",
            "internal_dns_name_label": "",
            "internal_domain_name_suffix": "lrndlz4fju4udfsbanfe1rxnea.ix.internal.cloudapp.net",
            "ip_configuration": [
              {
                "gateway_load_balancer_frontend_ip_configuration_id": "",
                "name": "internal",
                "primary": true,
                "private_ip_address": "10.0.2.5",
                "private_ip_address_allocation": "Dynamic",
                "private_ip_address_version": "IPv4",
                "public_ip_address_id": "",
                "subnet_id": "/subscriptions/64a9a252-e2ca-4cc3-af56-31bf09b86699/resourceGroups/huongttt13-resources/providers/Microsoft.Network/virtualNetworks/huongttt13-vnet/subnets/huongttt13-subnet"
              }
            ],
            "ip_forwarding_enabled": false,
            "location": "southeastasia",
            "mac_address": "",
            "name": "huongttt13-nic1",
            "private_ip_address": "10.0.2.5",
            "private_ip_addresses": [
              "10.0.2.5"
            ],
            "resource_group_name": "huongttt13-resources",
            "tags": {
              "Environment": "dev",
              "Owner": "HuongTTT13"
            },
            "timeouts": null,
            "virtual_machine_id": ""
          },
          "sensitive_attributes": [],
          "private": "eyJlMmJmYjczMC1lY2FhLTExZTYtOGY4OC0zNDM2M2JjN2M0YzAiOnsiY3JlYXRlIjoxODAwMDAwMDAwMDAwLCJkZWxldGUiOjE4MDAwMDAwMDAwMDAsInJlYWQiOjMwMDAwMDAwMDAwMCwidXBkYXRlIjoxODAwMDAwMDAwMDAwfX0=",
          "dependencies": [
            "azurerm_resource_group.main",
            "azurerm_subnet.main",
            "azurerm_virtual_network.main"
          ]
        }
      ]
    },
    {
      "mode": "managed",
      "type": "azurerm_network_interface_backend_address_pool_association",
      "name": "main",
      "provider": "provider[\"registry.terraform.io/hashicorp/azurerm\"]",
      "instances": [
        {
          "index_key": 0,
          "schema_version": 0,
          "attributes": {
            "backend_address_pool_id": "/subscriptions/64a9a252-e2ca-4cc3-af56-31bf09b86699/resourceGroups/huongttt13-resources/providers/Microsoft.Network/loadBalancers/huongttt13-lb/backendAddressPools/acctestpool",
            "id": "/subscriptions/64a9a252-e2ca-4cc3-af56-31bf09b86699/resourceGroups/huongttt13-resources/providers/Microsoft.Network/networkInterfaces/huongttt13-nic0/ipConfigurations/internal|/subscriptions/64a9a252-e2ca-4cc3-af56-31bf09b86699/resourceGroups/huongttt13-resources/providers/Microsoft.Network/loadBalancers/huongttt13-lb/backendAddressPools/acctestpool",
            "ip_configuration_name": "internal",
            "network_interface_id": "/subscriptions/64a9a252-e2ca-4cc3-af56-31bf09b86699/resourceGroups/huongttt13-resources/providers/Microsoft.Network/networkInterfaces/huongttt13-nic0",
            "timeouts": null
          },
          "sensitive_attributes": [],
          "private": "eyJlMmJmYjczMC1lY2FhLTExZTYtOGY4OC0zNDM2M2JjN2M0YzAiOnsiY3JlYXRlIjoxODAwMDAwMDAwMDAwLCJkZWxldGUiOjE4MDAwMDAwMDAwMDAsInJlYWQiOjMwMDAwMDAwMDAwMH19",
          "dependencies": [
            "azurerm_lb.main",
            "azurerm_lb_backend_address_pool.main",
            "azurerm_network_interface.main",
            "azurerm_public_ip.main",
            "azurerm_resource_group.main",
            "azurerm_subnet.main",
            "azurerm_virtual_network.main"
          ]
        },
        {
          "index_key": 1,
          "schema_version": 0,
          "attributes": {
            "backend_address_pool_id": "/subscriptions/64a9a252-e2ca-4cc3-af56-31bf09b86699/resourceGroups/huongttt13-resources/providers/Microsoft.Network/loadBalancers/huongttt13-lb/backendAddressPools/acctestpool",
            "id": "/subscriptions/64a9a252-e2ca-4cc3-af56-31bf09b86699/resourceGroups/huongttt13-resources/providers/Microsoft.Network/networkInterfaces/huongttt13-nic1/ipConfigurations/internal|/subscriptions/64a9a252-e2ca-4cc3-af56-31bf09b86699/resourceGroups/huongttt13-resources/providers/Microsoft.Network/loadBalancers/huongttt13-lb/backendAddressPools/acctestpool",
            "ip_configuration_name": "internal",
            "network_interface_id": "/subscriptions/64a9a252-e2ca-4cc3-af56-31bf09b86699/resourceGroups/huongttt13-resources/providers/Microsoft.Network/networkInterfaces/huongttt13-nic1",
            "timeouts": null
          },
          "sensitive_attributes": [],
          "private": "eyJlMmJmYjczMC1lY2FhLTExZTYtOGY4OC0zNDM2M2JjN2M0YzAiOnsiY3JlYXRlIjoxODAwMDAwMDAwMDAwLCJkZWxldGUiOjE4MDAwMDAwMDAwMDAsInJlYWQiOjMwMDAwMDAwMDAwMH19",
          "dependencies": [
            "azurerm_lb.main",
            "azurerm_lb_backend_address_pool.main",
            "azurerm_network_interface.main",
            "azurerm_public_ip.main",
            "azurerm_resource_group.main",
            "azurerm_subnet.main",
            "azurerm_virtual_network.main"
          ]
        }
      ]
    },
    {
      "mode": "managed",
      "type": "azurerm_network_interface_security_group_association",
      "name": "my_security_group_association",
      "provider": "provider[\"registry.terraform.io/hashicorp/azurerm\"]",
      "instances": [
        {
          "index_key": 0,
          "schema_version": 0,
          "attributes": {
            "id": "/subscriptions/64a9a252-e2ca-4cc3-af56-31bf09b86699/resourceGroups/huongttt13-resources/providers/Microsoft.Network/networkInterfaces/huongttt13-nic0|/subscriptions/64a9a252-e2ca-4cc3-af56-31bf09b86699/resourceGroups/huongttt13-resources/providers/Microsoft.Network/networkSecurityGroups/huongttt13-security-group",
            "network_interface_id": "/subscriptions/64a9a252-e2ca-4cc3-af56-31bf09b86699/resourceGroups/huongttt13-resources/providers/Microsoft.Network/networkInterfaces/huongttt13-nic0",
            "network_security_group_id": "/subscriptions/64a9a252-e2ca-4cc3-af56-31bf09b86699/resourceGroups/huongttt13-resources/providers/Microsoft.Network/networkSecurityGroups/huongttt13-security-group",
            "timeouts": null
          },
          "sensitive_attributes": [],
          "private": "eyJlMmJmYjczMC1lY2FhLTExZTYtOGY4OC0zNDM2M2JjN2M0YzAiOnsiY3JlYXRlIjoxODAwMDAwMDAwMDAwLCJkZWxldGUiOjE4MDAwMDAwMDAwMDAsInJlYWQiOjMwMDAwMDAwMDAwMH19",
          "dependencies": [
            "azurerm_network_interface.main",
            "azurerm_network_security_group.main",
            "azurerm_resource_group.main",
            "azurerm_subnet.main",
            "azurerm_virtual_network.main"
          ]
        },
        {
          "index_key": 1,
          "schema_version": 0,
          "attributes": {
            "id": "/subscriptions/64a9a252-e2ca-4cc3-af56-31bf09b86699/resourceGroups/huongttt13-resources/providers/Microsoft.Network/networkInterfaces/huongttt13-nic1|/subscriptions/64a9a252-e2ca-4cc3-af56-31bf09b86699/resourceGroups/huongttt13-resources/providers/Microsoft.Network/networkSecurityGroups/huongttt13-security-group",
            "network_interface_id": "/subscriptions/64a9a252-e2ca-4cc3-af56-31bf09b86699/resourceGroups/huongttt13-resources/providers/Microsoft.Network/networkInterfaces/huongttt13-nic1",
            "network_security_group_id": "/subscriptions/64a9a252-e2ca-4cc3-af56-31bf09b86699/resourceGroups/huongttt13-resources/providers/Microsoft.Network/networkSecurityGroups/huongttt13-security-group",
            "timeouts": null
          },
          "sensitive_attributes": [],
          "private": "eyJlMmJmYjczMC1lY2FhLTExZTYtOGY4OC0zNDM2M2JjN2M0YzAiOnsiY3JlYXRlIjoxODAwMDAwMDAwMDAwLCJkZWxldGUiOjE4MDAwMDAwMDAwMDAsInJlYWQiOjMwMDAwMDAwMDAwMH19",
          "dependencies": [
            "azurerm_network_interface.main",
            "azurerm_network_security_group.main",
            "azurerm_resource_group.main",
            "azurerm_subnet.main",
            "azurerm_virtual_network.main"
          ]
        }
      ]
    },
    {
      "mode": "managed",
      "type": "azurerm_network_security_group",
      "name": "main",
      "provider": "provider[\"registry.terraform.io/hashicorp/azurerm\"]",
      "instances": [
        {
          "schema_version": 0,
          "attributes": {
            "id": "/subscriptions/64a9a252-e2ca-4cc3-af56-31bf09b86699/resourceGroups/huongttt13-resources/providers/Microsoft.Network/networkSecurityGroups/huongttt13-security-group",
            "location": "southeastasia",
            "name": "huongttt13-security-group",
            "resource_group_name": "huongttt13-resources",
            "security_rule": [],
            "tags": {
              "Environment": "dev",
              "Owner": "HuongTTT13"
            },
            "timeouts": null
          },
          "sensitive_attributes": [],
          "private": "eyJlMmJmYjczMC1lY2FhLTExZTYtOGY4OC0zNDM2M2JjN2M0YzAiOnsiY3JlYXRlIjoxODAwMDAwMDAwMDAwLCJkZWxldGUiOjE4MDAwMDAwMDAwMDAsInJlYWQiOjMwMDAwMDAwMDAwMCwidXBkYXRlIjoxODAwMDAwMDAwMDAwfX0=",
          "dependencies": [
            "azurerm_resource_group.main"
          ]
        }
      ]
    },
    {
      "mode": "managed",
      "type": "azurerm_network_security_rule",
      "name": "AllowHTTPTrafficFromLoadBalancer",
      "provider": "provider[\"registry.terraform.io/hashicorp/azurerm\"]",
      "instances": [
        {
          "schema_version": 0,
          "attributes": {
            "access": "Allow",
            "description": "Allow HTTP traffic to the VMs from the load balancer.",
            "destination_address_prefix": "VirtualNetwork",
            "destination_address_prefixes": null,
            "destination_application_security_group_ids": null,
            "destination_port_range": "*",
            "destination_port_ranges": null,
            "direction": "Inbound",
            "id": "/subscriptions/64a9a252-e2ca-4cc3-af56-31bf09b86699/resourceGroups/huongttt13-resources/providers/Microsoft.Network/networkSecurityGroups/huongttt13-security-group/securityRules/AllowHTTPTrafficFromLoadBalancer",
            "name": "AllowHTTPTrafficFromLoadBalancer",
            "network_security_group_name": "huongttt13-security-group",
            "priority": 103,
            "protocol": "Tcp",
            "resource_group_name": "huongttt13-resources",
            "source_address_prefix": "AzureLoadBalancer",
            "source_address_prefixes": null,
            "source_application_security_group_ids": null,
            "source_port_range": "*",
            "source_port_ranges": null,
            "timeouts": null
          },
          "sensitive_attributes": [],
          "private": "eyJlMmJmYjczMC1lY2FhLTExZTYtOGY4OC0zNDM2M2JjN2M0YzAiOnsiY3JlYXRlIjoxODAwMDAwMDAwMDAwLCJkZWxldGUiOjE4MDAwMDAwMDAwMDAsInJlYWQiOjMwMDAwMDAwMDAwMCwidXBkYXRlIjoxODAwMDAwMDAwMDAwfX0=",
          "dependencies": [
            "azurerm_network_security_group.main",
            "azurerm_resource_group.main"
          ]
        }
      ]
    },
    {
      "mode": "managed",
      "type": "azurerm_network_security_rule",
      "name": "AllowInboundSameVirtualNetwork",
      "provider": "provider[\"registry.terraform.io/hashicorp/azurerm\"]",
      "instances": [
        {
          "schema_version": 0,
          "attributes": {
            "access": "Allow",
            "description": "Allow inbound traffick inside the same Virtual Network",
            "destination_address_prefix": "VirtualNetwork",
            "destination_address_prefixes": null,
            "destination_application_security_group_ids": null,
            "destination_port_range": "*",
            "destination_port_ranges": null,
            "direction": "Inbound",
            "id": "/subscriptions/64a9a252-e2ca-4cc3-af56-31bf09b86699/resourceGroups/huongttt13-resources/providers/Microsoft.Network/networkSecurityGroups/huongttt13-security-group/securityRules/AllowInboundSameVirtualNetwork",
            "name": "AllowInboundSameVirtualNetwork",
            "network_security_group_name": "huongttt13-security-group",
            "priority": 101,
            "protocol": "*",
            "resource_group_name": "huongttt13-resources",
            "source_address_prefix": "VirtualNetwork",
            "source_address_prefixes": null,
            "source_application_security_group_ids": null,
            "source_port_range": "*",
            "source_port_ranges": null,
            "timeouts": null
          },
          "sensitive_attributes": [],
          "private": "eyJlMmJmYjczMC1lY2FhLTExZTYtOGY4OC0zNDM2M2JjN2M0YzAiOnsiY3JlYXRlIjoxODAwMDAwMDAwMDAwLCJkZWxldGUiOjE4MDAwMDAwMDAwMDAsInJlYWQiOjMwMDAwMDAwMDAwMCwidXBkYXRlIjoxODAwMDAwMDAwMDAwfX0=",
          "dependencies": [
            "azurerm_network_security_group.main",
            "azurerm_resource_group.main"
          ]
        }
      ]
    },
    {
      "mode": "managed",
      "type": "azurerm_network_security_rule",
      "name": "AllowOutboundSameVirtualNetwork",
      "provider": "provider[\"registry.terraform.io/hashicorp/azurerm\"]",
      "instances": [
        {
          "schema_version": 0,
          "attributes": {
            "access": "Allow",
            "description": "Allow outbound traffick inside the same Virtual Network",
            "destination_address_prefix": "VirtualNetwork",
            "destination_address_prefixes": null,
            "destination_application_security_group_ids": null,
            "destination_port_range": "*",
            "destination_port_ranges": null,
            "direction": "Outbound",
            "id": "/subscriptions/64a9a252-e2ca-4cc3-af56-31bf09b86699/resourceGroups/huongttt13-resources/providers/Microsoft.Network/networkSecurityGroups/huongttt13-security-group/securityRules/AllowOutboundSameVirtualNetwork",
            "name": "AllowOutboundSameVirtualNetwork",
            "network_security_group_name": "huongttt13-security-group",
            "priority": 102,
            "protocol": "*",
            "resource_group_name": "huongttt13-resources",
            "source_address_prefix": "VirtualNetwork",
            "source_address_prefixes": null,
            "source_application_security_group_ids": null,
            "source_port_range": "*",
            "source_port_ranges": null,
            "timeouts": null
          },
          "sensitive_attributes": [],
          "private": "eyJlMmJmYjczMC1lY2FhLTExZTYtOGY4OC0zNDM2M2JjN2M0YzAiOnsiY3JlYXRlIjoxODAwMDAwMDAwMDAwLCJkZWxldGUiOjE4MDAwMDAwMDAwMDAsInJlYWQiOjMwMDAwMDAwMDAwMCwidXBkYXRlIjoxODAwMDAwMDAwMDAwfX0=",
          "dependencies": [
            "azurerm_network_security_group.main",
            "azurerm_resource_group.main"
          ]
        }
      ]
    },
    {
      "mode": "managed",
      "type": "azurerm_network_security_rule",
      "name": "DenyAllInbound",
      "provider": "provider[\"registry.terraform.io/hashicorp/azurerm\"]",
      "instances": [
        {
          "schema_version": 0,
          "attributes": {
            "access": "Deny",
            "description": "This rule with low priority deny all the inbound traffic",
            "destination_address_prefix": "*",
            "destination_address_prefixes": null,
            "destination_application_security_group_ids": null,
            "destination_port_range": "*",
            "destination_port_ranges": null,
            "direction": "Inbound",
            "id": "/subscriptions/64a9a252-e2ca-4cc3-af56-31bf09b86699/resourceGroups/huongttt13-resources/providers/Microsoft.Network/networkSecurityGroups/huongttt13-security-group/securityRules/DenyAllInbound",
            "name": "DenyAllInbound",
            "network_security_group_name": "huongttt13-security-group",
            "priority": 100,
            "protocol": "*",
            "resource_group_name": "huongttt13-resources",
            "source_address_prefix": "*",
            "source_address_prefixes": null,
            "source_application_security_group_ids": null,
            "source_port_range": "*",
            "source_port_ranges": null,
            "timeouts": null
          },
          "sensitive_attributes": [],
          "private": "eyJlMmJmYjczMC1lY2FhLTExZTYtOGY4OC0zNDM2M2JjN2M0YzAiOnsiY3JlYXRlIjoxODAwMDAwMDAwMDAwLCJkZWxldGUiOjE4MDAwMDAwMDAwMDAsInJlYWQiOjMwMDAwMDAwMDAwMCwidXBkYXRlIjoxODAwMDAwMDAwMDAwfX0=",
          "dependencies": [
            "azurerm_network_security_group.main",
            "azurerm_resource_group.main"
          ]
        }
      ]
    },
    {
      "mode": "managed",
      "type": "azurerm_public_ip",
      "name": "main",
      "provider": "provider[\"registry.terraform.io/hashicorp/azurerm\"]",
      "instances": [
        {
          "schema_version": 0,
          "attributes": {
            "allocation_method": "Static",
            "ddos_protection_mode": "VirtualNetworkInherited",
            "ddos_protection_plan_id": null,
            "domain_name_label": "huongttt13-resources",
            "edge_zone": "",
            "fqdn": "huongttt13-resources.southeastasia.cloudapp.azure.com",
            "id": "/subscriptions/64a9a252-e2ca-4cc3-af56-31bf09b86699/resourceGroups/huongttt13-resources/providers/Microsoft.Network/publicIPAddresses/huongttt13-pip",
            "idle_timeout_in_minutes": 4,
            "ip_address": "52.230.29.81",
            "ip_tags": null,
            "ip_version": "IPv4",
            "location": "southeastasia",
            "name": "huongttt13-pip",
            "public_ip_prefix_id": null,
            "resource_group_name": "huongttt13-resources",
            "reverse_fqdn": "",
            "sku": "Standard",
            "sku_tier": "Regional",
            "tags": {
              "Environment": "dev",
              "Owner": "HuongTTT13"
            },
            "timeouts": null,
            "zones": null
          },
          "sensitive_attributes": [],
          "private": "eyJlMmJmYjczMC1lY2FhLTExZTYtOGY4OC0zNDM2M2JjN2M0YzAiOnsiY3JlYXRlIjoxODAwMDAwMDAwMDAwLCJkZWxldGUiOjE4MDAwMDAwMDAwMDAsInJlYWQiOjMwMDAwMDAwMDAwMCwidXBkYXRlIjoxODAwMDAwMDAwMDAwfX0=",
          "dependencies": [
            "azurerm_resource_group.main"
          ]
        }
      ]
    },
    {
      "mode": "managed",
      "type": "azurerm_resource_group",
      "name": "main",
      "provider": "provider[\"registry.terraform.io/hashicorp/azurerm\"]",
      "instances": [
        {
          "schema_version": 0,
          "attributes": {
            "id": "/subscriptions/64a9a252-e2ca-4cc3-af56-31bf09b86699/resourceGroups/huongttt13-resources",
            "location": "southeastasia",
            "managed_by": "",
            "name": "huongttt13-resources",
            "tags": {
              "Environment": "dev",
              "Owner": "HuongTTT13"
            },
            "timeouts": null
          },
          "sensitive_attributes": [],
          "private": "eyJlMmJmYjczMC1lY2FhLTExZTYtOGY4OC0zNDM2M2JjN2M0YzAiOnsiY3JlYXRlIjo1NDAwMDAwMDAwMDAwLCJkZWxldGUiOjU0MDAwMDAwMDAwMDAsInJlYWQiOjMwMDAwMDAwMDAwMCwidXBkYXRlIjo1NDAwMDAwMDAwMDAwfX0="
        }
      ]
    },
    {
      "mode": "managed",
      "type": "azurerm_subnet",
      "name": "main",
      "provider": "provider[\"registry.terraform.io/hashicorp/azurerm\"]",
      "instances": [
        {
          "schema_version": 0,
          "attributes": {
            "address_prefixes": [
              "10.0.2.0/24"
            ],
            "default_outbound_access_enabled": true,
            "delegation": [],
            "id": "/subscriptions/64a9a252-e2ca-4cc3-af56-31bf09b86699/resourceGroups/huongttt13-resources/providers/Microsoft.Network/virtualNetworks/huongttt13-vnet/subnets/huongttt13-subnet",
            "name": "huongttt13-subnet",
            "private_endpoint_network_policies": "Disabled",
            "private_link_service_network_policies_enabled": true,
            "resource_group_name": "huongttt13-resources",
            "service_endpoint_policy_ids": null,
            "service_endpoints": null,
            "timeouts": null,
            "virtual_network_name": "huongttt13-vnet"
          },
          "sensitive_attributes": [],
          "private": "eyJlMmJmYjczMC1lY2FhLTExZTYtOGY4OC0zNDM2M2JjN2M0YzAiOnsiY3JlYXRlIjoxODAwMDAwMDAwMDAwLCJkZWxldGUiOjE4MDAwMDAwMDAwMDAsInJlYWQiOjMwMDAwMDAwMDAwMCwidXBkYXRlIjoxODAwMDAwMDAwMDAwfX0=",
          "dependencies": [
            "azurerm_resource_group.main",
            "azurerm_virtual_network.main"
          ]
        }
      ]
    },
    {
      "mode": "managed",
      "type": "azurerm_virtual_machine_data_disk_attachment",
      "name": "main",
      "provider": "provider[\"registry.terraform.io/hashicorp/azurerm\"]",
      "instances": [
        {
          "index_key": 0,
          "schema_version": 0,
          "attributes": {
            "caching": "ReadWrite",
            "create_option": "Attach",
            "id": "/subscriptions/64a9a252-e2ca-4cc3-af56-31bf09b86699/resourceGroups/huongttt13-resources/providers/Microsoft.Compute/virtualMachines/huongttt13-vm0/dataDisks/huongttt13-managed_disk-0",
            "lun": 0,
            "managed_disk_id": "/subscriptions/64a9a252-e2ca-4cc3-af56-31bf09b86699/resourceGroups/huongttt13-resources/providers/Microsoft.Compute/disks/huongttt13-managed_disk-0",
            "timeouts": null,
            "virtual_machine_id": "/subscriptions/64a9a252-e2ca-4cc3-af56-31bf09b86699/resourceGroups/huongttt13-resources/providers/Microsoft.Compute/virtualMachines/huongttt13-vm0",
            "write_accelerator_enabled": false
          },
          "sensitive_attributes": [],
          "private": "eyJlMmJmYjczMC1lY2FhLTExZTYtOGY4OC0zNDM2M2JjN2M0YzAiOnsiY3JlYXRlIjoxODAwMDAwMDAwMDAwLCJkZWxldGUiOjE4MDAwMDAwMDAwMDAsInJlYWQiOjMwMDAwMDAwMDAwMCwidXBkYXRlIjoxODAwMDAwMDAwMDAwfX0=",
          "dependencies": [
            "azurerm_availability_set.main",
            "azurerm_linux_virtual_machine.main",
            "azurerm_managed_disk.main",
            "azurerm_network_interface.main",
            "azurerm_resource_group.main",
            "azurerm_subnet.main",
            "azurerm_virtual_network.main"
          ]
        },
        {
          "index_key": 1,
          "schema_version": 0,
          "attributes": {
            "caching": "ReadWrite",
            "create_option": "Attach",
            "id": "/subscriptions/64a9a252-e2ca-4cc3-af56-31bf09b86699/resourceGroups/huongttt13-resources/providers/Microsoft.Compute/virtualMachines/huongttt13-vm1/dataDisks/huongttt13-managed_disk-1",
            "lun": 10,
            "managed_disk_id": "/subscriptions/64a9a252-e2ca-4cc3-af56-31bf09b86699/resourceGroups/huongttt13-resources/providers/Microsoft.Compute/disks/huongttt13-managed_disk-1",
            "timeouts": null,
            "virtual_machine_id": "/subscriptions/64a9a252-e2ca-4cc3-af56-31bf09b86699/resourceGroups/huongttt13-resources/providers/Microsoft.Compute/virtualMachines/huongttt13-vm1",
            "write_accelerator_enabled": false
          },
          "sensitive_attributes": [],
          "private": "eyJlMmJmYjczMC1lY2FhLTExZTYtOGY4OC0zNDM2M2JjN2M0YzAiOnsiY3JlYXRlIjoxODAwMDAwMDAwMDAwLCJkZWxldGUiOjE4MDAwMDAwMDAwMDAsInJlYWQiOjMwMDAwMDAwMDAwMCwidXBkYXRlIjoxODAwMDAwMDAwMDAwfX0=",
          "dependencies": [
            "azurerm_availability_set.main",
            "azurerm_linux_virtual_machine.main",
            "azurerm_managed_disk.main",
            "azurerm_network_interface.main",
            "azurerm_resource_group.main",
            "azurerm_subnet.main",
            "azurerm_virtual_network.main"
          ]
        }
      ]
    },
    {
      "mode": "managed",
      "type": "azurerm_virtual_network",
      "name": "main",
      "provider": "provider[\"registry.terraform.io/hashicorp/azurerm\"]",
      "instances": [
        {
          "schema_version": 0,
          "attributes": {
            "address_space": [
              "10.0.0.0/22"
            ],
            "bgp_community": "",
            "ddos_protection_plan": [],
            "dns_servers": [],
            "edge_zone": "",
            "encryption": [],
            "flow_timeout_in_minutes": 0,
            "guid": "e7355a5c-4dc5-413d-9641-034a4dc6ed20",
            "id": "/subscriptions/64a9a252-e2ca-4cc3-af56-31bf09b86699/resourceGroups/huongttt13-resources/providers/Microsoft.Network/virtualNetworks/huongttt13-vnet",
            "location": "southeastasia",
            "name": "huongttt13-vnet",
            "resource_group_name": "huongttt13-resources",
            "subnet": [],
            "tags": {
              "Environment": "dev",
              "Owner": "HuongTTT13"
            },
            "timeouts": null
          },
          "sensitive_attributes": [],
          "private": "eyJlMmJmYjczMC1lY2FhLTExZTYtOGY4OC0zNDM2M2JjN2M0YzAiOnsiY3JlYXRlIjoxODAwMDAwMDAwMDAwLCJkZWxldGUiOjE4MDAwMDAwMDAwMDAsInJlYWQiOjMwMDAwMDAwMDAwMCwidXBkYXRlIjoxODAwMDAwMDAwMDAwfX0=",
          "dependencies": [
            "azurerm_resource_group.main"
          ]
        }
      ]
    }
  ],
  "check_results": null
}
